# This file is automatically @generated by Cargo.
# It is not intended for manual editing.
version = 4

[[package]]
name = "cobre"
version = "0.0.1"

[[package]]
name = "cobre-cli"
version = "0.0.1"

[[package]]
name = "cobre-comm"
version = "0.0.1"

[[package]]
name = "cobre-core"
version = "0.0.1"

[[package]]
name = "cobre-io"
version = "0.0.1"

[[package]]
name = "cobre-mcp"
version = "0.0.1"

[[package]]
name = "cobre-python"
version = "0.0.1"

[[package]]
name = "cobre-sddp"
version = "0.0.1"

[[package]]
name = "cobre-solver"
version = "0.0.1"

[[package]]
name = "cobre-stochastic"
version = "0.0.1"

[[package]]
name = "cobre-tui"
version = "0.0.1"
